
Microsoft Visual Studio Solution File, Format Version 12.00
# Visual Studio Version 17
VisualStudioVersion = 17.5.002.0
MinimumVisualStudioVersion = 10.0.40219.1
Project("{9A19103F-16F7-4668-BE54-9A1E7A4F7556}") = "NewApp", "NewApp\NewApp.csproj", "{634D6190-266A-4D09-9998-4CC9EDF4B366}"
EndProject
Global
	GlobalSection(SolutionConfigurationPlatforms) = preSolution
		Debug|Any CPU = Debug|Any CPU
		Release|Any CPU = Release|Any CPU
	EndGlobalSection
	GlobalSection(ProjectConfigurationPlatforms) = postSolution
		{634D6190-266A-4D09-9998-4CC9EDF4B366}.Debug|Any CPU.ActiveCfg = Debug|Any CPU
		{634D6190-266A-4D09-9998-4CC9EDF4B366}.Debug|Any CPU.Build.0 = Debug|Any CPU
		{634D6190-266A-4D09-9998-4CC9EDF4B366}.Release|Any CPU.ActiveCfg = Release|Any CPU
		{634D6190-266A-4D09-9998-4CC9EDF4B366}.Release|Any CPU.Build.0 = Release|Any CPU
	EndGlobalSection
	GlobalSection(SolutionProperties) = preSolution
		HideSolutionNode = FALSE
	EndGlobalSection
	GlobalSection(ExtensibilityGlobals) = postSolution
		SolutionGuid = {BDD3E682-7CF3-4EDC-B2FA-5129D7B04264}
	EndGlobalSection
EndGlobal
